// !$*UTF8*$!
{
	archiveVersion = 1;
	classes = {
	};
	objectVersion = 46;
	objects = {

/* Begin PBXBuildFile section */
		5EA9A408ABD18E53229E9B4F /* Pods_Wirtualny_Dziekanat.framework in Frameworks */ = {isa = PBXBuildFile; fileRef = 59B7E6C1AF4AB8A77E2B1E71 /* Pods_Wirtualny_Dziekanat.framework */; };
		C30211E11DCAB2720020C4FB /* AllClassesTableViewController.swift in Sources */ = {isa = PBXBuildFile; fileRef = C30211E01DCAB2720020C4FB /* AllClassesTableViewController.swift */; };
		C302DEA01DA6FDA300B98B7A /* AddStudentController.swift in Sources */ = {isa = PBXBuildFile; fileRef = C302DE9F1DA6FDA300B98B7A /* AddStudentController.swift */; };
		C302DEA21DA6FFDB00B98B7A /* AddDeaneryController.swift in Sources */ = {isa = PBXBuildFile; fileRef = C302DEA11DA6FFDB00B98B7A /* AddDeaneryController.swift */; };
		C302DEA41DA7002A00B98B7A /* AddLecturerController.swift in Sources */ = {isa = PBXBuildFile; fileRef = C302DEA31DA7002A00B98B7A /* AddLecturerController.swift */; };
		C30F471C1DB6C54200E9C807 /* SelectFieldTableViewController.swift in Sources */ = {isa = PBXBuildFile; fileRef = C30F471B1DB6C54200E9C807 /* SelectFieldTableViewController.swift */; };
		C30F471E1DB6C68D00E9C807 /* SelectSemesterTableViewController.swift in Sources */ = {isa = PBXBuildFile; fileRef = C30F471D1DB6C68D00E9C807 /* SelectSemesterTableViewController.swift */; };
		C313559A1DC61D3D00B3A630 /* AllSubjectsListTableViewController.swift in Sources */ = {isa = PBXBuildFile; fileRef = C31355991DC61D3D00B3A630 /* AllSubjectsListTableViewController.swift */; };
		C316203B1DDC7D9200582860 /* ManageAccountViewController.swift in Sources */ = {isa = PBXBuildFile; fileRef = C316203A1DDC7D9200582860 /* ManageAccountViewController.swift */; };
		C31B7FC61E0C5BEB00D3DAAA /* 30.png in Resources */ = {isa = PBXBuildFile; fileRef = C31B7FBF1E0C5BEB00D3DAAA /* 30.png */; };
		C31B7FC71E0C5BEB00D3DAAA /* 50.png in Resources */ = {isa = PBXBuildFile; fileRef = C31B7FC01E0C5BEB00D3DAAA /* 50.png */; };
		C31B7FC81E0C5BEB00D3DAAA /* 40.png in Resources */ = {isa = PBXBuildFile; fileRef = C31B7FC11E0C5BEB00D3DAAA /* 40.png */; };
		C31B7FC91E0C5BEB00D3DAAA /* 20.png in Resources */ = {isa = PBXBuildFile; fileRef = C31B7FC21E0C5BEB00D3DAAA /* 20.png */; };
		C31B7FCA1E0C5BEB00D3DAAA /* 45.png in Resources */ = {isa = PBXBuildFile; fileRef = C31B7FC31E0C5BEB00D3DAAA /* 45.png */; };
		C31B7FCB1E0C5BEB00D3DAAA /* Pusto.png in Resources */ = {isa = PBXBuildFile; fileRef = C31B7FC41E0C5BEB00D3DAAA /* Pusto.png */; };
		C31B7FCC1E0C5BEB00D3DAAA /* 35.png in Resources */ = {isa = PBXBuildFile; fileRef = C31B7FC51E0C5BEB00D3DAAA /* 35.png */; };
		C31B7FCF1E0C624F00D3DAAA /* GradesSubjectTableViewController.swift in Sources */ = {isa = PBXBuildFile; fileRef = C31B7FCE1E0C624F00D3DAAA /* GradesSubjectTableViewController.swift */; };
		C31EBD811D9C278600BCE8FD /* DziekanatAddFieldController.swift in Sources */ = {isa = PBXBuildFile; fileRef = C31EBD801D9C278600BCE8FD /* DziekanatAddFieldController.swift */; };
		C31EBD831D9C46BB00BCE8FD /* SelectFacultyTableViewController.swift in Sources */ = {isa = PBXBuildFile; fileRef = C31EBD821D9C46BB00BCE8FD /* SelectFacultyTableViewController.swift */; };
		C324D3051DA26904006C552F /* SelectAccountTypeTableViewController.swift in Sources */ = {isa = PBXBuildFile; fileRef = C324D3041DA26904006C552F /* SelectAccountTypeTableViewController.swift */; };
		C32D92B41E0AB32500FF76E5 /* MessageSubjectsTableViewController.swift in Sources */ = {isa = PBXBuildFile; fileRef = C32D92B31E0AB32500FF76E5 /* MessageSubjectsTableViewController.swift */; };
		C3342F1C1E0EBF77001A7C8D /* GradesClassesTableViewController.swift in Sources */ = {isa = PBXBuildFile; fileRef = C3342F1B1E0EBF77001A7C8D /* GradesClassesTableViewController.swift */; };
		C35981BD1D0A0DD50021172A /* Functions.swift in Sources */ = {isa = PBXBuildFile; fileRef = C35981BC1D0A0DD50021172A /* Functions.swift */; };
		C35BCCC81D0B5B9C0022DC1F /* Add Rule-50.png in Resources */ = {isa = PBXBuildFile; fileRef = C35BCCC71D0B5B9C0022DC1F /* Add Rule-50.png */; };
		C35BCCCE1D0B5CD00022DC1F /* Exit-50.png in Resources */ = {isa = PBXBuildFile; fileRef = C35BCCC91D0B5CD00022DC1F /* Exit-50.png */; };
		C35BCCCF1D0B5CD00022DC1F /* Home-50.png in Resources */ = {isa = PBXBuildFile; fileRef = C35BCCCA1D0B5CD00022DC1F /* Home-50.png */; };
		C35BCCD01D0B5CD00022DC1F /* Bulleted List-50.png in Resources */ = {isa = PBXBuildFile; fileRef = C35BCCCB1D0B5CD00022DC1F /* Bulleted List-50.png */; };
		C35BCCD11D0B5CD00022DC1F /* Speech Bubble-50.png in Resources */ = {isa = PBXBuildFile; fileRef = C35BCCCC1D0B5CD00022DC1F /* Speech Bubble-50.png */; };
		C35BCCD21D0B5CD00022DC1F /* Add User Male-50.png in Resources */ = {isa = PBXBuildFile; fileRef = C35BCCCD1D0B5CD00022DC1F /* Add User Male-50.png */; };
		C36346601DC8B09B0049BF41 /* EditSubjectViewController.swift in Sources */ = {isa = PBXBuildFile; fileRef = C363465F1DC8B09B0049BF41 /* EditSubjectViewController.swift */; };
		C363DFD41D89BE04007815A1 /* DziekanatMenuController.swift in Sources */ = {isa = PBXBuildFile; fileRef = C363DFD31D89BE04007815A1 /* DziekanatMenuController.swift */; };
		C367FE231DE2068900CC59E7 /* MessageAccountTypyTableViewController.swift in Sources */ = {isa = PBXBuildFile; fileRef = C367FE221DE2068900CC59E7 /* MessageAccountTypyTableViewController.swift */; };
		C36A15351CF06153005EC3CC /* LoginController.swift in Sources */ = {isa = PBXBuildFile; fileRef = C36A15341CF06153005EC3CC /* LoginController.swift */; };
		C373A14A1DF56F0A00B9591F /* MessageStudentTableViewController.swift in Sources */ = {isa = PBXBuildFile; fileRef = C373A1491DF56F0A00B9591F /* MessageStudentTableViewController.swift */; };
		C37637CD1DCD538D00B56A03 /* EditStudentViewController.swift in Sources */ = {isa = PBXBuildFile; fileRef = C37637CC1DCD538D00B56A03 /* EditStudentViewController.swift */; };
		C37637CF1DCD539800B56A03 /* EditDeaneryViewController.swift in Sources */ = {isa = PBXBuildFile; fileRef = C37637CE1DCD539800B56A03 /* EditDeaneryViewController.swift */; };
		C37637D11DCD53A900B56A03 /* EditLecturerViewController.swift in Sources */ = {isa = PBXBuildFile; fileRef = C37637D01DCD53A900B56A03 /* EditLecturerViewController.swift */; };
		C37B10B71DDA6AB00038A443 /* Remove User Male-50.png in Resources */ = {isa = PBXBuildFile; fileRef = C37B10B61DDA6AB00038A443 /* Remove User Male-50.png */; };
		C37B10B91DDA6AB90038A443 /* Email-50.png in Resources */ = {isa = PBXBuildFile; fileRef = C37B10B81DDA6AB90038A443 /* Email-50.png */; };
		C37B10BB1DDA6ABF0038A443 /* Password-50.png in Resources */ = {isa = PBXBuildFile; fileRef = C37B10BA1DDA6ABF0038A443 /* Password-50.png */; };
		C37D512C1D09F4B1001DBF03 /* agh_nzw_s_pl_3w_wbr_rgb_150ppi.jpg in Resources */ = {isa = PBXBuildFile; fileRef = C37D512B1D09F4B1001DBF03 /* agh_nzw_s_pl_3w_wbr_rgb_150ppi.jpg */; };
		C37D512E1D0A0816001DBF03 /* DziekanatAddUserController.swift in Sources */ = {isa = PBXBuildFile; fileRef = C37D512D1D0A0816001DBF03 /* DziekanatAddUserController.swift */; };
		C37D51301D0A088D001DBF03 /* StudentMenuController.swift in Sources */ = {isa = PBXBuildFile; fileRef = C37D512F1D0A088D001DBF03 /* StudentMenuController.swift */; };
		C3924A3D1DDB2D2300B66906 /* ChangeEmailViewController.swift in Sources */ = {isa = PBXBuildFile; fileRef = C3924A3C1DDB2D2300B66906 /* ChangeEmailViewController.swift */; };
		C3924A3F1DDB2D3600B66906 /* ChangePasswordViewController.swift in Sources */ = {isa = PBXBuildFile; fileRef = C3924A3E1DDB2D3600B66906 /* ChangePasswordViewController.swift */; };
		C392EC881D91E64C003DC983 /* DziekanatAddSubjectController.swift in Sources */ = {isa = PBXBuildFile; fileRef = C392EC871D91E64C003DC983 /* DziekanatAddSubjectController.swift */; };
		C395BFDE1DC0F8A40018D442 /* ListsTableViewController.swift in Sources */ = {isa = PBXBuildFile; fileRef = C395BFDD1DC0F8A40018D442 /* ListsTableViewController.swift */; };
		C39A47741DBF6D690014A906 /* SelectSubjectsTableViewController.swift in Sources */ = {isa = PBXBuildFile; fileRef = C39A47731DBF6D690014A906 /* SelectSubjectsTableViewController.swift */; };
		C3C255931D981DC000E88741 /* Graduation Cap-50.png in Resources */ = {isa = PBXBuildFile; fileRef = C3C255921D981DC000E88741 /* Graduation Cap-50.png */; };
		C3C255951D9826A900E88741 /* Plus-50.png in Resources */ = {isa = PBXBuildFile; fileRef = C3C255941D9826A900E88741 /* Plus-50.png */; };
		C3C3ED181DC12B5D001B791A /* AllFieldsListTableViewController.swift in Sources */ = {isa = PBXBuildFile; fileRef = C3C3ED171DC12B5D001B791A /* AllFieldsListTableViewController.swift */; };
		C3CC0AD21DE4C7B3006238EC /* MessageFieldTableViewController.swift in Sources */ = {isa = PBXBuildFile; fileRef = C3CC0AD11DE4C7B3006238EC /* MessageFieldTableViewController.swift */; };
		C3D2CC4B1E0BEC02004DEF4A /* MessageLecturersTableViewController.swift in Sources */ = {isa = PBXBuildFile; fileRef = C3D2CC4A1E0BEC02004DEF4A /* MessageLecturersTableViewController.swift */; };
		C3D3C4401CF1CE83002A87FC /* GoogleService-Info.plist in Resources */ = {isa = PBXBuildFile; fileRef = C3D3C43F1CF1CE83002A87FC /* GoogleService-Info.plist */; };
		C3DD2B9D1CEA594200AA8439 /* AppDelegate.swift in Sources */ = {isa = PBXBuildFile; fileRef = C3DD2B9C1CEA594200AA8439 /* AppDelegate.swift */; };
		C3DD2BA21CEA594200AA8439 /* Main.storyboard in Resources */ = {isa = PBXBuildFile; fileRef = C3DD2BA01CEA594200AA8439 /* Main.storyboard */; };
		C3DD2BA41CEA594200AA8439 /* Assets.xcassets in Resources */ = {isa = PBXBuildFile; fileRef = C3DD2BA31CEA594200AA8439 /* Assets.xcassets */; };
		C3DD2BA71CEA594200AA8439 /* LaunchScreen.storyboard in Resources */ = {isa = PBXBuildFile; fileRef = C3DD2BA51CEA594200AA8439 /* LaunchScreen.storyboard */; };
		C3E7798A1D29343000CE5CFF /* Student Male-50.png in Resources */ = {isa = PBXBuildFile; fileRef = C3E779891D29343000CE5CFF /* Student Male-50.png */; };
		C3E7798C1D29357F00CE5CFF /* Logout Rounded-50.png in Resources */ = {isa = PBXBuildFile; fileRef = C3E7798B1D29357F00CE5CFF /* Logout Rounded-50.png */; };
		C3E7798E1D29637D00CE5CFF /* ProfesorMenuController.swift in Sources */ = {isa = PBXBuildFile; fileRef = C3E7798D1D29637D00CE5CFF /* ProfesorMenuController.swift */; };
		C3E779901D29657300CE5CFF /* University-50.png in Resources */ = {isa = PBXBuildFile; fileRef = C3E7798F1D29657300CE5CFF /* University-50.png */; };
		C3E897BD1DDD1BD300095E12 /* EditClassesViewController.swift in Sources */ = {isa = PBXBuildFile; fileRef = C3E897BC1DDD1BD300095E12 /* EditClassesViewController.swift */; };
		C3F25EC81DEE28B800F8DCA3 /* MessageDeaneryTableViewController.swift in Sources */ = {isa = PBXBuildFile; fileRef = C3F25EC71DEE28B800F8DCA3 /* MessageDeaneryTableViewController.swift */; };
		C3F25ECA1DEF0C7500F8DCA3 /* MessageSemesterTableViewController.swift in Sources */ = {isa = PBXBuildFile; fileRef = C3F25EC91DEF0C7500F8DCA3 /* MessageSemesterTableViewController.swift */; };
		C3F3130C1DBD02CD00921C75 /* SelectSubjectTypeTableViewController.swift in Sources */ = {isa = PBXBuildFile; fileRef = C3F3130B1DBD02CD00921C75 /* SelectSubjectTypeTableViewController.swift */; };
		C3F6CAA41DBEAE7D00FD4B07 /* AddClassesTypeController.swift in Sources */ = {isa = PBXBuildFile; fileRef = C3F6CAA31DBEAE7D00FD4B07 /* AddClassesTypeController.swift */; };
		C3F6CAA61DBEB21200FD4B07 /* SelectLecturerTableViewController.swift in Sources */ = {isa = PBXBuildFile; fileRef = C3F6CAA51DBEB21200FD4B07 /* SelectLecturerTableViewController.swift */; };
		C3F8FC891DC4F97D0055FBF3 /* EditFieldViewController.swift in Sources */ = {isa = PBXBuildFile; fileRef = C3F8FC881DC4F97D0055FBF3 /* EditFieldViewController.swift */; };
		C3F91CD11DCBA96700A06953 /* AllUsersTableViewController.swift in Sources */ = {isa = PBXBuildFile; fileRef = C3F91CD01DCBA96700A06953 /* AllUsersTableViewController.swift */; };
		C3F91CD31DCBABAE00A06953 /* UsersTypeTableViewController.swift in Sources */ = {isa = PBXBuildFile; fileRef = C3F91CD21DCBABAE00A06953 /* UsersTypeTableViewController.swift */; };
/* End PBXBuildFile section */

/* Begin PBXFileReference section */
		59B7E6C1AF4AB8A77E2B1E71 /* Pods_Wirtualny_Dziekanat.framework */ = {isa = PBXFileReference; explicitFileType = wrapper.framework; includeInIndex = 0; path = Pods_Wirtualny_Dziekanat.framework; sourceTree = BUILT_PRODUCTS_DIR; };
		65BB3456C77D22ABFF094C97 /* Pods-Wirtualny Dziekanat.release.xcconfig */ = {isa = PBXFileReference; includeInIndex = 1; lastKnownFileType = text.xcconfig; name = "Pods-Wirtualny Dziekanat.release.xcconfig"; path = "Pods/Target Support Files/Pods-Wirtualny Dziekanat/Pods-Wirtualny Dziekanat.release.xcconfig"; sourceTree = "<group>"; };
		C014B5B00048DD145639317F /* Pods-Wirtualny Dziekanat.debug.xcconfig */ = {isa = PBXFileReference; includeInIndex = 1; lastKnownFileType = text.xcconfig; name = "Pods-Wirtualny Dziekanat.debug.xcconfig"; path = "Pods/Target Support Files/Pods-Wirtualny Dziekanat/Pods-Wirtualny Dziekanat.debug.xcconfig"; sourceTree = "<group>"; };
		C30211E01DCAB2720020C4FB /* AllClassesTableViewController.swift */ = {isa = PBXFileReference; fileEncoding = 4; lastKnownFileType = sourcecode.swift; path = AllClassesTableViewController.swift; sourceTree = "<group>"; };
		C302DE9F1DA6FDA300B98B7A /* AddStudentController.swift */ = {isa = PBXFileReference; fileEncoding = 4; lastKnownFileType = sourcecode.swift; path = AddStudentController.swift; sourceTree = "<group>"; };
		C302DEA11DA6FFDB00B98B7A /* AddDeaneryController.swift */ = {isa = PBXFileReference; fileEncoding = 4; lastKnownFileType = sourcecode.swift; path = AddDeaneryController.swift; sourceTree = "<group>"; };
		C302DEA31DA7002A00B98B7A /* AddLecturerController.swift */ = {isa = PBXFileReference; fileEncoding = 4; lastKnownFileType = sourcecode.swift; path = AddLecturerController.swift; sourceTree = "<group>"; };
		C308B4141D91E306006E018D /* Wirtualny Dziekanat.entitlements */ = {isa = PBXFileReference; lastKnownFileType = text.plist.entitlements; path = "Wirtualny Dziekanat.entitlements"; sourceTree = "<group>"; };
		C30F471B1DB6C54200E9C807 /* SelectFieldTableViewController.swift */ = {isa = PBXFileReference; fileEncoding = 4; lastKnownFileType = sourcecode.swift; path = SelectFieldTableViewController.swift; sourceTree = "<group>"; };
		C30F471D1DB6C68D00E9C807 /* SelectSemesterTableViewController.swift */ = {isa = PBXFileReference; fileEncoding = 4; lastKnownFileType = sourcecode.swift; path = SelectSemesterTableViewController.swift; sourceTree = "<group>"; };
		C31355991DC61D3D00B3A630 /* AllSubjectsListTableViewController.swift */ = {isa = PBXFileReference; fileEncoding = 4; lastKnownFileType = sourcecode.swift; path = AllSubjectsListTableViewController.swift; sourceTree = "<group>"; };
		C316203A1DDC7D9200582860 /* ManageAccountViewController.swift */ = {isa = PBXFileReference; fileEncoding = 4; lastKnownFileType = sourcecode.swift; path = ManageAccountViewController.swift; sourceTree = "<group>"; };
		C31B7FBF1E0C5BEB00D3DAAA /* 30.png */ = {isa = PBXFileReference; lastKnownFileType = image.png; path = 30.png; sourceTree = "<group>"; };
		C31B7FC01E0C5BEB00D3DAAA /* 50.png */ = {isa = PBXFileReference; lastKnownFileType = image.png; path = 50.png; sourceTree = "<group>"; };
		C31B7FC11E0C5BEB00D3DAAA /* 40.png */ = {isa = PBXFileReference; lastKnownFileType = image.png; path = 40.png; sourceTree = "<group>"; };
		C31B7FC21E0C5BEB00D3DAAA /* 20.png */ = {isa = PBXFileReference; lastKnownFileType = image.png; path = 20.png; sourceTree = "<group>"; };
		C31B7FC31E0C5BEB00D3DAAA /* 45.png */ = {isa = PBXFileReference; lastKnownFileType = image.png; path = 45.png; sourceTree = "<group>"; };
		C31B7FC41E0C5BEB00D3DAAA /* Pusto.png */ = {isa = PBXFileReference; lastKnownFileType = image.png; path = Pusto.png; sourceTree = "<group>"; };
		C31B7FC51E0C5BEB00D3DAAA /* 35.png */ = {isa = PBXFileReference; lastKnownFileType = image.png; path = 35.png; sourceTree = "<group>"; };
		C31B7FCE1E0C624F00D3DAAA /* GradesSubjectTableViewController.swift */ = {isa = PBXFileReference; fileEncoding = 4; lastKnownFileType = sourcecode.swift; path = GradesSubjectTableViewController.swift; sourceTree = "<group>"; };
		C31EBD801D9C278600BCE8FD /* DziekanatAddFieldController.swift */ = {isa = PBXFileReference; fileEncoding = 4; lastKnownFileType = sourcecode.swift; path = DziekanatAddFieldController.swift; sourceTree = "<group>"; };
		C31EBD821D9C46BB00BCE8FD /* SelectFacultyTableViewController.swift */ = {isa = PBXFileReference; fileEncoding = 4; lastKnownFileType = sourcecode.swift; path = SelectFacultyTableViewController.swift; sourceTree = "<group>"; };
		C324D3031DA263F7006C552F /* Wirtualny Dziekanat.app */ = {isa = PBXFileReference; explicitFileType = wrapper.application; includeInIndex = 0; path = "Wirtualny Dziekanat.app"; sourceTree = BUILT_PRODUCTS_DIR; };
		C324D3041DA26904006C552F /* SelectAccountTypeTableViewController.swift */ = {isa = PBXFileReference; fileEncoding = 4; lastKnownFileType = sourcecode.swift; path = SelectAccountTypeTableViewController.swift; sourceTree = "<group>"; };
		C32D92B31E0AB32500FF76E5 /* MessageSubjectsTableViewController.swift */ = {isa = PBXFileReference; fileEncoding = 4; lastKnownFileType = sourcecode.swift; path = MessageSubjectsTableViewController.swift; sourceTree = "<group>"; };
		C3342F1B1E0EBF77001A7C8D /* GradesClassesTableViewController.swift */ = {isa = PBXFileReference; fileEncoding = 4; lastKnownFileType = sourcecode.swift; path = GradesClassesTableViewController.swift; sourceTree = "<group>"; };
		C35981BC1D0A0DD50021172A /* Functions.swift */ = {isa = PBXFileReference; fileEncoding = 4; lastKnownFileType = sourcecode.swift; path = Functions.swift; sourceTree = "<group>"; };
		C35BCCC71D0B5B9C0022DC1F /* Add Rule-50.png */ = {isa = PBXFileReference; lastKnownFileType = image.png; path = "Add Rule-50.png"; sourceTree = "<group>"; };
		C35BCCC91D0B5CD00022DC1F /* Exit-50.png */ = {isa = PBXFileReference; lastKnownFileType = image.png; path = "Exit-50.png"; sourceTree = "<group>"; };
		C35BCCCA1D0B5CD00022DC1F /* Home-50.png */ = {isa = PBXFileReference; lastKnownFileType = image.png; path = "Home-50.png"; sourceTree = "<group>"; };
		C35BCCCB1D0B5CD00022DC1F /* Bulleted List-50.png */ = {isa = PBXFileReference; lastKnownFileType = image.png; path = "Bulleted List-50.png"; sourceTree = "<group>"; };
		C35BCCCC1D0B5CD00022DC1F /* Speech Bubble-50.png */ = {isa = PBXFileReference; lastKnownFileType = image.png; path = "Speech Bubble-50.png"; sourceTree = "<group>"; };
		C35BCCCD1D0B5CD00022DC1F /* Add User Male-50.png */ = {isa = PBXFileReference; lastKnownFileType = image.png; path = "Add User Male-50.png"; sourceTree = "<group>"; };
		C363465F1DC8B09B0049BF41 /* EditSubjectViewController.swift */ = {isa = PBXFileReference; fileEncoding = 4; lastKnownFileType = sourcecode.swift; path = EditSubjectViewController.swift; sourceTree = "<group>"; };
		C363DFD31D89BE04007815A1 /* DziekanatMenuController.swift */ = {isa = PBXFileReference; fileEncoding = 4; lastKnownFileType = sourcecode.swift; path = DziekanatMenuController.swift; sourceTree = "<group>"; };
		C367FE221DE2068900CC59E7 /* MessageAccountTypyTableViewController.swift */ = {isa = PBXFileReference; fileEncoding = 4; lastKnownFileType = sourcecode.swift; path = MessageAccountTypyTableViewController.swift; sourceTree = "<group>"; };
		C36A15341CF06153005EC3CC /* LoginController.swift */ = {isa = PBXFileReference; fileEncoding = 4; lastKnownFileType = sourcecode.swift; path = LoginController.swift; sourceTree = "<group>"; };
		C373A1491DF56F0A00B9591F /* MessageStudentTableViewController.swift */ = {isa = PBXFileReference; fileEncoding = 4; lastKnownFileType = sourcecode.swift; path = MessageStudentTableViewController.swift; sourceTree = "<group>"; };
		C37637CC1DCD538D00B56A03 /* EditStudentViewController.swift */ = {isa = PBXFileReference; fileEncoding = 4; lastKnownFileType = sourcecode.swift; path = EditStudentViewController.swift; sourceTree = "<group>"; };
		C37637CE1DCD539800B56A03 /* EditDeaneryViewController.swift */ = {isa = PBXFileReference; fileEncoding = 4; lastKnownFileType = sourcecode.swift; path = EditDeaneryViewController.swift; sourceTree = "<group>"; };
		C37637D01DCD53A900B56A03 /* EditLecturerViewController.swift */ = {isa = PBXFileReference; fileEncoding = 4; lastKnownFileType = sourcecode.swift; path = EditLecturerViewController.swift; sourceTree = "<group>"; };
		C37B10B61DDA6AB00038A443 /* Remove User Male-50.png */ = {isa = PBXFileReference; lastKnownFileType = image.png; path = "Remove User Male-50.png"; sourceTree = "<group>"; };
		C37B10B81DDA6AB90038A443 /* Email-50.png */ = {isa = PBXFileReference; lastKnownFileType = image.png; path = "Email-50.png"; sourceTree = "<group>"; };
		C37B10BA1DDA6ABF0038A443 /* Password-50.png */ = {isa = PBXFileReference; lastKnownFileType = image.png; path = "Password-50.png"; sourceTree = "<group>"; };
		C37D512B1D09F4B1001DBF03 /* agh_nzw_s_pl_3w_wbr_rgb_150ppi.jpg */ = {isa = PBXFileReference; lastKnownFileType = image.jpeg; path = agh_nzw_s_pl_3w_wbr_rgb_150ppi.jpg; sourceTree = "<group>"; };
		C37D512D1D0A0816001DBF03 /* DziekanatAddUserController.swift */ = {isa = PBXFileReference; fileEncoding = 4; lastKnownFileType = sourcecode.swift; path = DziekanatAddUserController.swift; sourceTree = "<group>"; };
		C37D512F1D0A088D001DBF03 /* StudentMenuController.swift */ = {isa = PBXFileReference; fileEncoding = 4; lastKnownFileType = sourcecode.swift; path = StudentMenuController.swift; sourceTree = "<group>"; };
		C3924A3C1DDB2D2300B66906 /* ChangeEmailViewController.swift */ = {isa = PBXFileReference; fileEncoding = 4; lastKnownFileType = sourcecode.swift; path = ChangeEmailViewController.swift; sourceTree = "<group>"; };
		C3924A3E1DDB2D3600B66906 /* ChangePasswordViewController.swift */ = {isa = PBXFileReference; fileEncoding = 4; lastKnownFileType = sourcecode.swift; path = ChangePasswordViewController.swift; sourceTree = "<group>"; };
		C392EC871D91E64C003DC983 /* DziekanatAddSubjectController.swift */ = {isa = PBXFileReference; fileEncoding = 4; lastKnownFileType = sourcecode.swift; path = DziekanatAddSubjectController.swift; sourceTree = "<group>"; };
		C395BFDD1DC0F8A40018D442 /* ListsTableViewController.swift */ = {isa = PBXFileReference; fileEncoding = 4; lastKnownFileType = sourcecode.swift; path = ListsTableViewController.swift; sourceTree = "<group>"; };
		C39A47731DBF6D690014A906 /* SelectSubjectsTableViewController.swift */ = {isa = PBXFileReference; fileEncoding = 4; lastKnownFileType = sourcecode.swift; path = SelectSubjectsTableViewController.swift; sourceTree = "<group>"; };
		C3C255921D981DC000E88741 /* Graduation Cap-50.png */ = {isa = PBXFileReference; lastKnownFileType = image.png; path = "Graduation Cap-50.png"; sourceTree = "<group>"; };
		C3C255941D9826A900E88741 /* Plus-50.png */ = {isa = PBXFileReference; lastKnownFileType = image.png; path = "Plus-50.png"; sourceTree = "<group>"; };
		C3C3ED171DC12B5D001B791A /* AllFieldsListTableViewController.swift */ = {isa = PBXFileReference; fileEncoding = 4; lastKnownFileType = sourcecode.swift; path = AllFieldsListTableViewController.swift; sourceTree = "<group>"; };
		C3CC0AD11DE4C7B3006238EC /* MessageFieldTableViewController.swift */ = {isa = PBXFileReference; fileEncoding = 4; lastKnownFileType = sourcecode.swift; path = MessageFieldTableViewController.swift; sourceTree = "<group>"; };
		C3D2CC4A1E0BEC02004DEF4A /* MessageLecturersTableViewController.swift */ = {isa = PBXFileReference; fileEncoding = 4; lastKnownFileType = sourcecode.swift; path = MessageLecturersTableViewController.swift; sourceTree = "<group>"; };
		C3D3C43F1CF1CE83002A87FC /* GoogleService-Info.plist */ = {isa = PBXFileReference; fileEncoding = 4; lastKnownFileType = text.plist.xml; path = "GoogleService-Info.plist"; sourceTree = "<group>"; };
		C3DD2B9C1CEA594200AA8439 /* AppDelegate.swift */ = {isa = PBXFileReference; lastKnownFileType = sourcecode.swift; path = AppDelegate.swift; sourceTree = "<group>"; };
		C3DD2BA11CEA594200AA8439 /* Base */ = {isa = PBXFileReference; lastKnownFileType = file.storyboard; name = Base; path = Base.lproj/Main.storyboard; sourceTree = "<group>"; };
		C3DD2BA31CEA594200AA8439 /* Assets.xcassets */ = {isa = PBXFileReference; lastKnownFileType = folder.assetcatalog; path = Assets.xcassets; sourceTree = "<group>"; };
		C3DD2BA61CEA594200AA8439 /* Base */ = {isa = PBXFileReference; lastKnownFileType = file.storyboard; name = Base; path = Base.lproj/LaunchScreen.storyboard; sourceTree = "<group>"; };
		C3DD2BA81CEA594200AA8439 /* Info.plist */ = {isa = PBXFileReference; lastKnownFileType = text.plist.xml; path = Info.plist; sourceTree = "<group>"; };
		C3E779891D29343000CE5CFF /* Student Male-50.png */ = {isa = PBXFileReference; lastKnownFileType = image.png; path = "Student Male-50.png"; sourceTree = "<group>"; };
		C3E7798B1D29357F00CE5CFF /* Logout Rounded-50.png */ = {isa = PBXFileReference; lastKnownFileType = image.png; path = "Logout Rounded-50.png"; sourceTree = "<group>"; };
		C3E7798D1D29637D00CE5CFF /* ProfesorMenuController.swift */ = {isa = PBXFileReference; fileEncoding = 4; lastKnownFileType = sourcecode.swift; path = ProfesorMenuController.swift; sourceTree = "<group>"; };
		C3E7798F1D29657300CE5CFF /* University-50.png */ = {isa = PBXFileReference; lastKnownFileType = image.png; path = "University-50.png"; sourceTree = "<group>"; };
		C3E897BC1DDD1BD300095E12 /* EditClassesViewController.swift */ = {isa = PBXFileReference; fileEncoding = 4; lastKnownFileType = sourcecode.swift; path = EditClassesViewController.swift; sourceTree = "<group>"; };
		C3F25EC71DEE28B800F8DCA3 /* MessageDeaneryTableViewController.swift */ = {isa = PBXFileReference; fileEncoding = 4; lastKnownFileType = sourcecode.swift; path = MessageDeaneryTableViewController.swift; sourceTree = "<group>"; };
		C3F25EC91DEF0C7500F8DCA3 /* MessageSemesterTableViewController.swift */ = {isa = PBXFileReference; fileEncoding = 4; lastKnownFileType = sourcecode.swift; path = MessageSemesterTableViewController.swift; sourceTree = "<group>"; };
		C3F3130B1DBD02CD00921C75 /* SelectSubjectTypeTableViewController.swift */ = {isa = PBXFileReference; fileEncoding = 4; lastKnownFileType = sourcecode.swift; path = SelectSubjectTypeTableViewController.swift; sourceTree = "<group>"; };
		C3F6CAA31DBEAE7D00FD4B07 /* AddClassesTypeController.swift */ = {isa = PBXFileReference; fileEncoding = 4; lastKnownFileType = sourcecode.swift; path = AddClassesTypeController.swift; sourceTree = "<group>"; };
		C3F6CAA51DBEB21200FD4B07 /* SelectLecturerTableViewController.swift */ = {isa = PBXFileReference; fileEncoding = 4; lastKnownFileType = sourcecode.swift; path = SelectLecturerTableViewController.swift; sourceTree = "<group>"; };
		C3F8FC881DC4F97D0055FBF3 /* EditFieldViewController.swift */ = {isa = PBXFileReference; fileEncoding = 4; lastKnownFileType = sourcecode.swift; path = EditFieldViewController.swift; sourceTree = "<group>"; };
		C3F91CD01DCBA96700A06953 /* AllUsersTableViewController.swift */ = {isa = PBXFileReference; fileEncoding = 4; lastKnownFileType = sourcecode.swift; path = AllUsersTableViewController.swift; sourceTree = "<group>"; };
		C3F91CD21DCBABAE00A06953 /* UsersTypeTableViewController.swift */ = {isa = PBXFileReference; fileEncoding = 4; lastKnownFileType = sourcecode.swift; path = UsersTypeTableViewController.swift; sourceTree = "<group>"; };
/* End PBXFileReference section */

/* Begin PBXFrameworksBuildPhase section */
		C3DD2B961CEA594200AA8439 /* Frameworks */ = {
			isa = PBXFrameworksBuildPhase;
			buildActionMask = 2147483647;
			files = (
				5EA9A408ABD18E53229E9B4F /* Pods_Wirtualny_Dziekanat.framework in Frameworks */,
			);
			runOnlyForDeploymentPostprocessing = 0;
		};
/* End PBXFrameworksBuildPhase section */

/* Begin PBXGroup section */
		038753CE86933CCE7A9DA99C /* Pods */ = {
			isa = PBXGroup;
			children = (
				C014B5B00048DD145639317F /* Pods-Wirtualny Dziekanat.debug.xcconfig */,
				65BB3456C77D22ABFF094C97 /* Pods-Wirtualny Dziekanat.release.xcconfig */,
			);
			name = Pods;
			sourceTree = "<group>";
		};
		C31B7FCD1E0C619E00D3DAAA /* Grades */ = {
			isa = PBXGroup;
			children = (
				C31B7FCE1E0C624F00D3DAAA /* GradesSubjectTableViewController.swift */,
				C3342F1B1E0EBF77001A7C8D /* GradesClassesTableViewController.swift */,
			);
			name = Grades;
			sourceTree = "<group>";
		};
		C328E0FE1DDF33E100000383 /* Message */ = {
			isa = PBXGroup;
			children = (
				C367FE221DE2068900CC59E7 /* MessageAccountTypyTableViewController.swift */,
				C3CC0AD11DE4C7B3006238EC /* MessageFieldTableViewController.swift */,
				C3F25EC71DEE28B800F8DCA3 /* MessageDeaneryTableViewController.swift */,
				C3F25EC91DEF0C7500F8DCA3 /* MessageSemesterTableViewController.swift */,
				C373A1491DF56F0A00B9591F /* MessageStudentTableViewController.swift */,
				C32D92B31E0AB32500FF76E5 /* MessageSubjectsTableViewController.swift */,
				C3D2CC4A1E0BEC02004DEF4A /* MessageLecturersTableViewController.swift */,
			);
			name = Message;
			sourceTree = "<group>";
		};
		C35BCCC61D0B5B880022DC1F /* Icons */ = {
			isa = PBXGroup;
			children = (
				C31B7FBF1E0C5BEB00D3DAAA /* 30.png */,
				C31B7FC01E0C5BEB00D3DAAA /* 50.png */,
				C31B7FC11E0C5BEB00D3DAAA /* 40.png */,
				C31B7FC21E0C5BEB00D3DAAA /* 20.png */,
				C31B7FC31E0C5BEB00D3DAAA /* 45.png */,
				C31B7FC41E0C5BEB00D3DAAA /* Pusto.png */,
				C31B7FC51E0C5BEB00D3DAAA /* 35.png */,
				C3C255921D981DC000E88741 /* Graduation Cap-50.png */,
				C37B10BA1DDA6ABF0038A443 /* Password-50.png */,
				C3E7798F1D29657300CE5CFF /* University-50.png */,
				C37B10B61DDA6AB00038A443 /* Remove User Male-50.png */,
				C37B10B81DDA6AB90038A443 /* Email-50.png */,
				C35BCCC91D0B5CD00022DC1F /* Exit-50.png */,
				C35BCCCA1D0B5CD00022DC1F /* Home-50.png */,
				C35BCCCB1D0B5CD00022DC1F /* Bulleted List-50.png */,
				C3C255941D9826A900E88741 /* Plus-50.png */,
				C3E779891D29343000CE5CFF /* Student Male-50.png */,
				C3E7798B1D29357F00CE5CFF /* Logout Rounded-50.png */,
				C35BCCCC1D0B5CD00022DC1F /* Speech Bubble-50.png */,
				C35BCCCD1D0B5CD00022DC1F /* Add User Male-50.png */,
				C35BCCC71D0B5B9C0022DC1F /* Add Rule-50.png */,
			);
			name = Icons;
			sourceTree = "<group>";
		};
		C36A15361CF06163005EC3CC /* Controllers */ = {
			isa = PBXGroup;
			children = (
				C31B7FCD1E0C619E00D3DAAA /* Grades */,
				C328E0FE1DDF33E100000383 /* Message */,
				C3F8FC871DC4F9630055FBF3 /* Edit */,
				C3F8FC861DC4F8190055FBF3 /* Lists */,
				C37D512D1D0A0816001DBF03 /* DziekanatAddUserController.swift */,
				C36A15341CF06153005EC3CC /* LoginController.swift */,
				C3F3130D1DBE7D5E00921C75 /* Add */,
				C3F3130F1DBE7D9C00921C75 /* Menu */,
				C3F313101DBE7DAF00921C75 /* Select */,
			);
			name = Controllers;
			sourceTree = "<group>";
		};
		C39A47701DBF68C50014A906 /* Dziekanat */ = {
			isa = PBXGroup;
			children = (
				C31EBD821D9C46BB00BCE8FD /* SelectFacultyTableViewController.swift */,
				C324D3041DA26904006C552F /* SelectAccountTypeTableViewController.swift */,
				C30F471B1DB6C54200E9C807 /* SelectFieldTableViewController.swift */,
				C30F471D1DB6C68D00E9C807 /* SelectSemesterTableViewController.swift */,
				C3F3130B1DBD02CD00921C75 /* SelectSubjectTypeTableViewController.swift */,
				C3F6CAA51DBEB21200FD4B07 /* SelectLecturerTableViewController.swift */,
				C39A47731DBF6D690014A906 /* SelectSubjectsTableViewController.swift */,
			);
			name = Dziekanat;
			sourceTree = "<group>";
		};
		C39A47711DBF68D40014A906 /* Student */ = {
			isa = PBXGroup;
			children = (
			);
			name = Student;
			sourceTree = "<group>";
		};
		C39A47721DBF68DA0014A906 /* Prowadzący */ = {
			isa = PBXGroup;
			children = (
			);
			name = "Prowadzący";
			sourceTree = "<group>";
		};
		C3B9787D1CEBBFEB0060BBCC /* Views */ = {
			isa = PBXGroup;
			children = (
				C3DD2BA01CEA594200AA8439 /* Main.storyboard */,
				C3DD2BA51CEA594200AA8439 /* LaunchScreen.storyboard */,
			);
			name = Views;
			sourceTree = "<group>";
		};
		C3B9787E1CEBC0290060BBCC /* Supported Files */ = {
			isa = PBXGroup;
			children = (
				C35BCCC61D0B5B880022DC1F /* Icons */,
				C3D3C43F1CF1CE83002A87FC /* GoogleService-Info.plist */,
				C37D512B1D09F4B1001DBF03 /* agh_nzw_s_pl_3w_wbr_rgb_150ppi.jpg */,
				C3DD2BA81CEA594200AA8439 /* Info.plist */,
				C3DD2BA31CEA594200AA8439 /* Assets.xcassets */,
			);
			name = "Supported Files";
			sourceTree = "<group>";
		};
		C3DD2B901CEA594200AA8439 = {
			isa = PBXGroup;
			children = (
				C3DD2B9B1CEA594200AA8439 /* Wirtualny Dziekanat */,
				038753CE86933CCE7A9DA99C /* Pods */,
				E93E8CC39F3986FA564B20B5 /* Frameworks */,
				C324D3031DA263F7006C552F /* Wirtualny Dziekanat.app */,
			);
			sourceTree = "<group>";
		};
		C3DD2B9B1CEA594200AA8439 /* Wirtualny Dziekanat */ = {
			isa = PBXGroup;
			children = (
				C308B4141D91E306006E018D /* Wirtualny Dziekanat.entitlements */,
				C3DD2B9C1CEA594200AA8439 /* AppDelegate.swift */,
				C35981BC1D0A0DD50021172A /* Functions.swift */,
				C36A15361CF06163005EC3CC /* Controllers */,
				C3B9787D1CEBBFEB0060BBCC /* Views */,
				C3B9787E1CEBC0290060BBCC /* Supported Files */,
			);
			path = "Wirtualny Dziekanat";
			sourceTree = "<group>";
		};
		C3F3130D1DBE7D5E00921C75 /* Add */ = {
			isa = PBXGroup;
			children = (
				C392EC871D91E64C003DC983 /* DziekanatAddSubjectController.swift */,
				C31EBD801D9C278600BCE8FD /* DziekanatAddFieldController.swift */,
				C302DE9F1DA6FDA300B98B7A /* AddStudentController.swift */,
				C302DEA11DA6FFDB00B98B7A /* AddDeaneryController.swift */,
				C302DEA31DA7002A00B98B7A /* AddLecturerController.swift */,
				C3F6CAA31DBEAE7D00FD4B07 /* AddClassesTypeController.swift */,
			);
			name = Add;
			sourceTree = "<group>";
		};
		C3F3130F1DBE7D9C00921C75 /* Menu */ = {
			isa = PBXGroup;
			children = (
				C37D512F1D0A088D001DBF03 /* StudentMenuController.swift */,
				C363DFD31D89BE04007815A1 /* DziekanatMenuController.swift */,
				C3E7798D1D29637D00CE5CFF /* ProfesorMenuController.swift */,
				C3924A3C1DDB2D2300B66906 /* ChangeEmailViewController.swift */,
				C3924A3E1DDB2D3600B66906 /* ChangePasswordViewController.swift */,
				C316203A1DDC7D9200582860 /* ManageAccountViewController.swift */,
			);
			name = Menu;
			sourceTree = "<group>";
		};
		C3F313101DBE7DAF00921C75 /* Select */ = {
			isa = PBXGroup;
			children = (
				C39A47721DBF68DA0014A906 /* Prowadzący */,
				C39A47711DBF68D40014A906 /* Student */,
				C39A47701DBF68C50014A906 /* Dziekanat */,
			);
			name = Select;
			sourceTree = "<group>";
		};
		C3F8FC861DC4F8190055FBF3 /* Lists */ = {
			isa = PBXGroup;
			children = (
				C3C3ED171DC12B5D001B791A /* AllFieldsListTableViewController.swift */,
				C395BFDD1DC0F8A40018D442 /* ListsTableViewController.swift */,
				C31355991DC61D3D00B3A630 /* AllSubjectsListTableViewController.swift */,
				C30211E01DCAB2720020C4FB /* AllClassesTableViewController.swift */,
				C3F91CD01DCBA96700A06953 /* AllUsersTableViewController.swift */,
				C3F91CD21DCBABAE00A06953 /* UsersTypeTableViewController.swift */,
			);
			name = Lists;
			sourceTree = "<group>";
		};
		C3F8FC871DC4F9630055FBF3 /* Edit */ = {
			isa = PBXGroup;
			children = (
				C3F8FC881DC4F97D0055FBF3 /* EditFieldViewController.swift */,
				C363465F1DC8B09B0049BF41 /* EditSubjectViewController.swift */,
				C37637CC1DCD538D00B56A03 /* EditStudentViewController.swift */,
				C37637CE1DCD539800B56A03 /* EditDeaneryViewController.swift */,
				C37637D01DCD53A900B56A03 /* EditLecturerViewController.swift */,
				C3E897BC1DDD1BD300095E12 /* EditClassesViewController.swift */,
			);
			name = Edit;
			sourceTree = "<group>";
		};
		E93E8CC39F3986FA564B20B5 /* Frameworks */ = {
			isa = PBXGroup;
			children = (
				59B7E6C1AF4AB8A77E2B1E71 /* Pods_Wirtualny_Dziekanat.framework */,
			);
			name = Frameworks;
			sourceTree = "<group>";
		};
/* End PBXGroup section */

/* Begin PBXNativeTarget section */
		C3DD2B981CEA594200AA8439 /* Wirtualny Dziekanat */ = {
			isa = PBXNativeTarget;
			buildConfigurationList = C3DD2BAB1CEA594200AA8439 /* Build configuration list for PBXNativeTarget "Wirtualny Dziekanat" */;
			buildPhases = (
				A5FA5DACD8B6C623DCC024D7 /* [CP] Check Pods Manifest.lock */,
				C3DD2B951CEA594200AA8439 /* Sources */,
				C3DD2B961CEA594200AA8439 /* Frameworks */,
				C3DD2B971CEA594200AA8439 /* Resources */,
				A3F8367E1462FD75EC6AEB35 /* [CP] Embed Pods Frameworks */,
				616C6A0093D7D76772ACF8D5 /* [CP] Copy Pods Resources */,
			);
			buildRules = (
			);
			dependencies = (
			);
			name = "Wirtualny Dziekanat";
			productName = "Wirtualny Dziekanat";
			productReference = C324D3031DA263F7006C552F /* Wirtualny Dziekanat.app */;
			productType = "com.apple.product-type.application";
		};
/* End PBXNativeTarget section */

/* Begin PBXProject section */
		C3DD2B911CEA594200AA8439 /* Project object */ = {
			isa = PBXProject;
			attributes = {
				LastSwiftUpdateCheck = 0730;
				LastUpgradeCheck = 0810;
				ORGANIZATIONNAME = "Jakub Nykiel";
				TargetAttributes = {
					C3DD2B981CEA594200AA8439 = {
						CreatedOnToolsVersion = 7.3.1;
						DevelopmentTeam = 6454359TU3;
						LastSwiftMigration = 0800;
						SystemCapabilities = {
							com.apple.Keychain = {
								enabled = 1;
							};
						};
					};
				};
			};
			buildConfigurationList = C3DD2B941CEA594200AA8439 /* Build configuration list for PBXProject "Wirtualny Dziekanat" */;
			compatibilityVersion = "Xcode 3.2";
			developmentRegion = English;
			hasScannedForEncodings = 0;
			knownRegions = (
				en,
				Base,
			);
			mainGroup = C3DD2B901CEA594200AA8439;
			productRefGroup = C3DD2B901CEA594200AA8439;
			projectDirPath = "";
			projectRoot = "";
			targets = (
				C3DD2B981CEA594200AA8439 /* Wirtualny Dziekanat */,
			);
		};
/* End PBXProject section */

/* Begin PBXResourcesBuildPhase section */
		C3DD2B971CEA594200AA8439 /* Resources */ = {
			isa = PBXResourcesBuildPhase;
			buildActionMask = 2147483647;
			files = (
				C31B7FC61E0C5BEB00D3DAAA /* 30.png in Resources */,
				C3DD2BA71CEA594200AA8439 /* LaunchScreen.storyboard in Resources */,
				C35BCCCF1D0B5CD00022DC1F /* Home-50.png in Resources */,
				C37B10B71DDA6AB00038A443 /* Remove User Male-50.png in Resources */,
				C3D3C4401CF1CE83002A87FC /* GoogleService-Info.plist in Resources */,
				C3DD2BA41CEA594200AA8439 /* Assets.xcassets in Resources */,
				C3C255951D9826A900E88741 /* Plus-50.png in Resources */,
				C35BCCC81D0B5B9C0022DC1F /* Add Rule-50.png in Resources */,
				C37B10B91DDA6AB90038A443 /* Email-50.png in Resources */,
				C37B10BB1DDA6ABF0038A443 /* Password-50.png in Resources */,
				C3DD2BA21CEA594200AA8439 /* Main.storyboard in Resources */,
				C31B7FC81E0C5BEB00D3DAAA /* 40.png in Resources */,
				C3E779901D29657300CE5CFF /* University-50.png in Resources */,
				C31B7FCC1E0C5BEB00D3DAAA /* 35.png in Resources */,
				C31B7FCB1E0C5BEB00D3DAAA /* Pusto.png in Resources */,
				C35BCCCE1D0B5CD00022DC1F /* Exit-50.png in Resources */,
				C3C255931D981DC000E88741 /* Graduation Cap-50.png in Resources */,
				C35BCCD21D0B5CD00022DC1F /* Add User Male-50.png in Resources */,
				C3E7798C1D29357F00CE5CFF /* Logout Rounded-50.png in Resources */,
				C35BCCD11D0B5CD00022DC1F /* Speech Bubble-50.png in Resources */,
				C31B7FCA1E0C5BEB00D3DAAA /* 45.png in Resources */,
				C31B7FC91E0C5BEB00D3DAAA /* 20.png in Resources */,
				C37D512C1D09F4B1001DBF03 /* agh_nzw_s_pl_3w_wbr_rgb_150ppi.jpg in Resources */,
				C31B7FC71E0C5BEB00D3DAAA /* 50.png in Resources */,
				C3E7798A1D29343000CE5CFF /* Student Male-50.png in Resources */,
				C35BCCD01D0B5CD00022DC1F /* Bulleted List-50.png in Resources */,
			);
			runOnlyForDeploymentPostprocessing = 0;
		};
/* End PBXResourcesBuildPhase section */

/* Begin PBXShellScriptBuildPhase section */
		616C6A0093D7D76772ACF8D5 /* [CP] Copy Pods Resources */ = {
			isa = PBXShellScriptBuildPhase;
			buildActionMask = 2147483647;
			files = (
			);
			inputPaths = (
			);
			name = "[CP] Copy Pods Resources";
			outputPaths = (
			);
			runOnlyForDeploymentPostprocessing = 0;
			shellPath = /bin/sh;
			shellScript = "\"${SRCROOT}/Pods/Target Support Files/Pods-Wirtualny Dziekanat/Pods-Wirtualny Dziekanat-resources.sh\"\n";
			showEnvVarsInLog = 0;
		};
		A3F8367E1462FD75EC6AEB35 /* [CP] Embed Pods Frameworks */ = {
			isa = PBXShellScriptBuildPhase;
			buildActionMask = 2147483647;
			files = (
			);
			inputPaths = (
			);
			name = "[CP] Embed Pods Frameworks";
			outputPaths = (
			);
			runOnlyForDeploymentPostprocessing = 0;
			shellPath = /bin/sh;
			shellScript = "\"${SRCROOT}/Pods/Target Support Files/Pods-Wirtualny Dziekanat/Pods-Wirtualny Dziekanat-frameworks.sh\"\n";
			showEnvVarsInLog = 0;
		};
		A5FA5DACD8B6C623DCC024D7 /* [CP] Check Pods Manifest.lock */ = {
			isa = PBXShellScriptBuildPhase;
			buildActionMask = 2147483647;
			files = (
			);
			inputPaths = (
			);
			name = "[CP] Check Pods Manifest.lock";
			outputPaths = (
			);
			runOnlyForDeploymentPostprocessing = 0;
			shellPath = /bin/sh;
			shellScript = "diff \"${PODS_ROOT}/../Podfile.lock\" \"${PODS_ROOT}/Manifest.lock\" > /dev/null\nif [[ $? != 0 ]] ; then\n    cat << EOM\nerror: The sandbox is not in sync with the Podfile.lock. Run 'pod install' or update your CocoaPods installation.\nEOM\n    exit 1\nfi\n";
			showEnvVarsInLog = 0;
		};
/* End PBXShellScriptBuildPhase section */

/* Begin PBXSourcesBuildPhase section */
		C3DD2B951CEA594200AA8439 /* Sources */ = {
			isa = PBXSourcesBuildPhase;
			buildActionMask = 2147483647;
			files = (
				C3924A3F1DDB2D3600B66906 /* ChangePasswordViewController.swift in Sources */,
				C3F6CAA61DBEB21200FD4B07 /* SelectLecturerTableViewController.swift in Sources */,
				C37637CF1DCD539800B56A03 /* EditDeaneryViewController.swift in Sources */,
				C3E7798E1D29637D00CE5CFF /* ProfesorMenuController.swift in Sources */,
				C313559A1DC61D3D00B3A630 /* AllSubjectsListTableViewController.swift in Sources */,
				C30F471E1DB6C68D00E9C807 /* SelectSemesterTableViewController.swift in Sources */,
				C37637D11DCD53A900B56A03 /* EditLecturerViewController.swift in Sources */,
				C367FE231DE2068900CC59E7 /* MessageAccountTypyTableViewController.swift in Sources */,
				C3F25EC81DEE28B800F8DCA3 /* MessageDeaneryTableViewController.swift in Sources */,
				C3F91CD31DCBABAE00A06953 /* UsersTypeTableViewController.swift in Sources */,
				C32D92B41E0AB32500FF76E5 /* MessageSubjectsTableViewController.swift in Sources */,
				C3924A3D1DDB2D2300B66906 /* ChangeEmailViewController.swift in Sources */,
				C3342F1C1E0EBF77001A7C8D /* GradesClassesTableViewController.swift in Sources */,
				C3CC0AD21DE4C7B3006238EC /* MessageFieldTableViewController.swift in Sources */,
				C37637CD1DCD538D00B56A03 /* EditStudentViewController.swift in Sources */,
				C302DEA41DA7002A00B98B7A /* AddLecturerController.swift in Sources */,
				C36346601DC8B09B0049BF41 /* EditSubjectViewController.swift in Sources */,
				C3E897BD1DDD1BD300095E12 /* EditClassesViewController.swift in Sources */,
				C36A15351CF06153005EC3CC /* LoginController.swift in Sources */,
				C3F8FC891DC4F97D0055FBF3 /* EditFieldViewController.swift in Sources */,
				C3F3130C1DBD02CD00921C75 /* SelectSubjectTypeTableViewController.swift in Sources */,
				C395BFDE1DC0F8A40018D442 /* ListsTableViewController.swift in Sources */,
				C363DFD41D89BE04007815A1 /* DziekanatMenuController.swift in Sources */,
				C3C3ED181DC12B5D001B791A /* AllFieldsListTableViewController.swift in Sources */,
				C37D512E1D0A0816001DBF03 /* DziekanatAddUserController.swift in Sources */,
				C324D3051DA26904006C552F /* SelectAccountTypeTableViewController.swift in Sources */,
				C31B7FCF1E0C624F00D3DAAA /* GradesSubjectTableViewController.swift in Sources */,
				C302DEA01DA6FDA300B98B7A /* AddStudentController.swift in Sources */,
				C37D51301D0A088D001DBF03 /* StudentMenuController.swift in Sources */,
				C3F6CAA41DBEAE7D00FD4B07 /* AddClassesTypeController.swift in Sources */,
				C39A47741DBF6D690014A906 /* SelectSubjectsTableViewController.swift in Sources */,
				C30F471C1DB6C54200E9C807 /* SelectFieldTableViewController.swift in Sources */,
				C373A14A1DF56F0A00B9591F /* MessageStudentTableViewController.swift in Sources */,
				C31EBD811D9C278600BCE8FD /* DziekanatAddFieldController.swift in Sources */,
				C35981BD1D0A0DD50021172A /* Functions.swift in Sources */,
				C392EC881D91E64C003DC983 /* DziekanatAddSubjectController.swift in Sources */,
				C30211E11DCAB2720020C4FB /* AllClassesTableViewController.swift in Sources */,
				C302DEA21DA6FFDB00B98B7A /* AddDeaneryController.swift in Sources */,
				C31EBD831D9C46BB00BCE8FD /* SelectFacultyTableViewController.swift in Sources */,
				C3F25ECA1DEF0C7500F8DCA3 /* MessageSemesterTableViewController.swift in Sources */,
				C316203B1DDC7D9200582860 /* ManageAccountViewController.swift in Sources */,
				C3D2CC4B1E0BEC02004DEF4A /* MessageLecturersTableViewController.swift in Sources */,
				C3DD2B9D1CEA594200AA8439 /* AppDelegate.swift in Sources */,
				C3F91CD11DCBA96700A06953 /* AllUsersTableViewController.swift in Sources */,
			);
			runOnlyForDeploymentPostprocessing = 0;
		};
/* End PBXSourcesBuildPhase section */

/* Begin PBXVariantGroup section */
		C3DD2BA01CEA594200AA8439 /* Main.storyboard */ = {
			isa = PBXVariantGroup;
			children = (
				C3DD2BA11CEA594200AA8439 /* Base */,
			);
			name = Main.storyboard;
			sourceTree = "<group>";
		};
		C3DD2BA51CEA594200AA8439 /* LaunchScreen.storyboard */ = {
			isa = PBXVariantGroup;
			children = (
				C3DD2BA61CEA594200AA8439 /* Base */,
			);
			name = LaunchScreen.storyboard;
			sourceTree = "<group>";
		};
/* End PBXVariantGroup section */

/* Begin XCBuildConfiguration section */
		C3DD2BA91CEA594200AA8439 /* Debug */ = {
			isa = XCBuildConfiguration;
			buildSettings = {
				ALWAYS_SEARCH_USER_PATHS = NO;
				CLANG_ANALYZER_NONNULL = YES;
				CLANG_CXX_LANGUAGE_STANDARD = "gnu++0x";
				CLANG_CXX_LIBRARY = "libc++";
				CLANG_ENABLE_MODULES = YES;
				CLANG_ENABLE_OBJC_ARC = YES;
				CLANG_WARN_BOOL_CONVERSION = YES;
				CLANG_WARN_CONSTANT_CONVERSION = YES;
				CLANG_WARN_DIRECT_OBJC_ISA_USAGE = YES_ERROR;
				CLANG_WARN_EMPTY_BODY = YES;
				CLANG_WARN_ENUM_CONVERSION = YES;
				CLANG_WARN_INFINITE_RECURSION = YES;
				CLANG_WARN_INT_CONVERSION = YES;
				CLANG_WARN_OBJC_ROOT_CLASS = YES_ERROR;
				CLANG_WARN_SUSPICIOUS_MOVE = YES;
				CLANG_WARN_UNREACHABLE_CODE = YES;
				CLANG_WARN__DUPLICATE_METHOD_MATCH = YES;
				"CODE_SIGN_IDENTITY[sdk=iphoneos*]" = "iPhone Developer";
				COPY_PHASE_STRIP = NO;
				DEBUG_INFORMATION_FORMAT = dwarf;
				ENABLE_STRICT_OBJC_MSGSEND = YES;
				ENABLE_TESTABILITY = YES;
				GCC_C_LANGUAGE_STANDARD = gnu99;
				GCC_DYNAMIC_NO_PIC = NO;
				GCC_NO_COMMON_BLOCKS = YES;
				GCC_OPTIMIZATION_LEVEL = 0;
				GCC_PREPROCESSOR_DEFINITIONS = (
					"DEBUG=1",
					"$(inherited)",
				);
				GCC_WARN_64_TO_32_BIT_CONVERSION = YES;
				GCC_WARN_ABOUT_RETURN_TYPE = YES_ERROR;
				GCC_WARN_UNDECLARED_SELECTOR = YES;
				GCC_WARN_UNINITIALIZED_AUTOS = YES_AGGRESSIVE;
				GCC_WARN_UNUSED_FUNCTION = YES;
				GCC_WARN_UNUSED_VARIABLE = YES;
				IPHONEOS_DEPLOYMENT_TARGET = 9.3;
				MTL_ENABLE_DEBUG_INFO = YES;
				ONLY_ACTIVE_ARCH = YES;
				SDKROOT = iphoneos;
				SWIFT_OPTIMIZATION_LEVEL = "-Onone";
				TARGETED_DEVICE_FAMILY = "1,2";
			};
			name = Debug;
		};
		C3DD2BAA1CEA594200AA8439 /* Release */ = {
			isa = XCBuildConfiguration;
			buildSettings = {
				ALWAYS_SEARCH_USER_PATHS = NO;
				CLANG_ANALYZER_NONNULL = YES;
				CLANG_CXX_LANGUAGE_STANDARD = "gnu++0x";
				CLANG_CXX_LIBRARY = "libc++";
				CLANG_ENABLE_MODULES = YES;
				CLANG_ENABLE_OBJC_ARC = YES;
				CLANG_WARN_BOOL_CONVERSION = YES;
				CLANG_WARN_CONSTANT_CONVERSION = YES;
				CLANG_WARN_DIRECT_OBJC_ISA_USAGE = YES_ERROR;
				CLANG_WARN_EMPTY_BODY = YES;
				CLANG_WARN_ENUM_CONVERSION = YES;
				CLANG_WARN_INFINITE_RECURSION = YES;
				CLANG_WARN_INT_CONVERSION = YES;
				CLANG_WARN_OBJC_ROOT_CLASS = YES_ERROR;
				CLANG_WARN_SUSPICIOUS_MOVE = YES;
				CLANG_WARN_UNREACHABLE_CODE = YES;
				CLANG_WARN__DUPLICATE_METHOD_MATCH = YES;
				"CODE_SIGN_IDENTITY[sdk=iphoneos*]" = "iPhone Developer";
				COPY_PHASE_STRIP = NO;
				DEBUG_INFORMATION_FORMAT = "dwarf-with-dsym";
				ENABLE_NS_ASSERTIONS = NO;
				ENABLE_STRICT_OBJC_MSGSEND = YES;
				GCC_C_LANGUAGE_STANDARD = gnu99;
				GCC_NO_COMMON_BLOCKS = YES;
				GCC_WARN_64_TO_32_BIT_CONVERSION = YES;
				GCC_WARN_ABOUT_RETURN_TYPE = YES_ERROR;
				GCC_WARN_UNDECLARED_SELECTOR = YES;
				GCC_WARN_UNINITIALIZED_AUTOS = YES_AGGRESSIVE;
				GCC_WARN_UNUSED_FUNCTION = YES;
				GCC_WARN_UNUSED_VARIABLE = YES;
				IPHONEOS_DEPLOYMENT_TARGET = 9.3;
				MTL_ENABLE_DEBUG_INFO = NO;
				SDKROOT = iphoneos;
				SWIFT_OPTIMIZATION_LEVEL = "-Owholemodule";
				TARGETED_DEVICE_FAMILY = "1,2";
				VALIDATE_PRODUCT = YES;
			};
			name = Release;
		};
		C3DD2BAC1CEA594200AA8439 /* Debug */ = {
			isa = XCBuildConfiguration;
			baseConfigurationReference = C014B5B00048DD145639317F /* Pods-Wirtualny Dziekanat.debug.xcconfig */;
			buildSettings = {
				ALWAYS_EMBED_SWIFT_STANDARD_LIBRARIES = YES;
				ASSETCATALOG_COMPILER_APPICON_NAME = AppIcon;
				CODE_SIGN_ENTITLEMENTS = "Wirtualny Dziekanat/Wirtualny Dziekanat.entitlements";
				INFOPLIST_FILE = "Wirtualny Dziekanat/Info.plist";
				LD_RUNPATH_SEARCH_PATHS = "$(inherited) @executable_path/Frameworks";
				PRODUCT_BUNDLE_IDENTIFIER = "Nykiel.Wirtualny-Dziekanat";
				PRODUCT_NAME = "$(TARGET_NAME)";
				SWIFT_VERSION = 3.0;
			};
			name = Debug;
		};
		C3DD2BAD1CEA594200AA8439 /* Release */ = {
			isa = XCBuildConfiguration;
			baseConfigurationReference = 65BB3456C77D22ABFF094C97 /* Pods-Wirtualny Dziekanat.release.xcconfig */;
			buildSettings = {
				ALWAYS_EMBED_SWIFT_STANDARD_LIBRARIES = YES;
				ASSETCATALOG_COMPILER_APPICON_NAME = AppIcon;
				CODE_SIGN_ENTITLEMENTS = "Wirtualny Dziekanat/Wirtualny Dziekanat.entitlements";
				INFOPLIST_FILE = "Wirtualny Dziekanat/Info.plist";
				LD_RUNPATH_SEARCH_PATHS = "$(inherited) @executable_path/Frameworks";
				PRODUCT_BUNDLE_IDENTIFIER = "Nykiel.Wirtualny-Dziekanat";
				PRODUCT_NAME = "$(TARGET_NAME)";
				SWIFT_VERSION = 3.0;
			};
			name = Release;
		};
/* End XCBuildConfiguration section */

/* Begin XCConfigurationList section */
		C3DD2B941CEA594200AA8439 /* Build configuration list for PBXProject "Wirtualny Dziekanat" */ = {
			isa = XCConfigurationList;
			buildConfigurations = (
				C3DD2BA91CEA594200AA8439 /* Debug */,
				C3DD2BAA1CEA594200AA8439 /* Release */,
			);
			defaultConfigurationIsVisible = 0;
			defaultConfigurationName = Release;
		};
		C3DD2BAB1CEA594200AA8439 /* Build configuration list for PBXNativeTarget "Wirtualny Dziekanat" */ = {
			isa = XCConfigurationList;
			buildConfigurations = (
				C3DD2BAC1CEA594200AA8439 /* Debug */,
				C3DD2BAD1CEA594200AA8439 /* Release */,
			);
			defaultConfigurationIsVisible = 0;
			defaultConfigurationName = Release;
		};
/* End XCConfigurationList section */
	};
	rootObject = C3DD2B911CEA594200AA8439 /* Project object */;
}
